// !$*UTF8*$!
{
	archiveVersion = 1;
	classes = {
	};
	objectVersion = 50;
	objects = {

/* Begin PBXBuildFile section */
		8439766E24128AC5002CB98E /* AppDelegate.m in Sources */ = {isa = PBXBuildFile; fileRef = 8439766D24128AC5002CB98E /* AppDelegate.m */; };
		8439767124128AC5002CB98E /* SceneDelegate.m in Sources */ = {isa = PBXBuildFile; fileRef = 8439767024128AC5002CB98E /* SceneDelegate.m */; };
		8439767424128AC5002CB98E /* ViewController.m in Sources */ = {isa = PBXBuildFile; fileRef = 8439767324128AC5002CB98E /* ViewController.m */; };
		8439767724128AC5002CB98E /* Main.storyboard in Resources */ = {isa = PBXBuildFile; fileRef = 8439767524128AC5002CB98E /* Main.storyboard */; };
		8439767924128AC7002CB98E /* Assets.xcassets in Resources */ = {isa = PBXBuildFile; fileRef = 8439767824128AC7002CB98E /* Assets.xcassets */; };
		8439767C24128AC7002CB98E /* LaunchScreen.storyboard in Resources */ = {isa = PBXBuildFile; fileRef = 8439767A24128AC7002CB98E /* LaunchScreen.storyboard */; };
		8439767F24128AC7002CB98E /* main.m in Sources */ = {isa = PBXBuildFile; fileRef = 8439767E24128AC7002CB98E /* main.m */; };
/* End PBXBuildFile section */

/* Begin PBXFileReference section */
		8439766924128AC5002CB98E /* WKWebViewRTF.app */ = {isa = PBXFileReference; explicitFileType = wrapper.application; includeInIndex = 0; path = WKWebViewRTF.app; sourceTree = BUILT_PRODUCTS_DIR; };
		8439766C24128AC5002CB98E /* AppDelegate.h */ = {isa = PBXFileReference; lastKnownFileType = sourcecode.c.h; path = AppDelegate.h; sourceTree = "<group>"; };
		8439766D24128AC5002CB98E /* AppDelegate.m */ = {isa = PBXFileReference; lastKnownFileType = sourcecode.c.objc; path = AppDelegate.m; sourceTree = "<group>"; };
		8439766F24128AC5002CB98E /* SceneDelegate.h */ = {isa = PBXFileReference; lastKnownFileType = sourcecode.c.h; path = SceneDelegate.h; sourceTree = "<group>"; };
		8439767024128AC5002CB98E /* SceneDelegate.m */ = {isa = PBXFileReference; lastKnownFileType = sourcecode.c.objc; path = SceneDelegate.m; sourceTree = "<group>"; };
		8439767224128AC5002CB98E /* ViewController.h */ = {isa = PBXFileReference; lastKnownFileType = sourcecode.c.h; path = ViewController.h; sourceTree = "<group>"; };
		8439767324128AC5002CB98E /* ViewController.m */ = {isa = PBXFileReference; lastKnownFileType = sourcecode.c.objc; path = ViewController.m; sourceTree = "<group>"; };
		8439767624128AC5002CB98E /* Base */ = {isa = PBXFileReference; lastKnownFileType = file.storyboard; name = Base; path = Base.lproj/Main.storyboard; sourceTree = "<group>"; };
		8439767824128AC7002CB98E /* Assets.xcassets */ = {isa = PBXFileReference; lastKnownFileType = folder.assetcatalog; path = Assets.xcassets; sourceTree = "<group>"; };
		8439767B24128AC7002CB98E /* Base */ = {isa = PBXFileReference; lastKnownFileType = file.storyboard; name = Base; path = Base.lproj/LaunchScreen.storyboard; sourceTree = "<group>"; };
		8439767D24128AC7002CB98E /* Info.plist */ = {isa = PBXFileReference; lastKnownFileType = text.plist.xml; path = Info.plist; sourceTree = "<group>"; };
		8439767E24128AC7002CB98E /* main.m */ = {isa = PBXFileReference; lastKnownFileType = sourcecode.c.objc; path = main.m; sourceTree = "<group>"; };
/* End PBXFileReference section */

/* Begin PBXFrameworksBuildPhase section */
		8439766624128AC5002CB98E /* Frameworks */ = {
			isa = PBXFrameworksBuildPhase;
			buildActionMask = 2147483647;
			files = (
			);
			runOnlyForDeploymentPostprocessing = 0;
		};
/* End PBXFrameworksBuildPhase section */

/* Begin PBXGroup section */
		8439766024128AC5002CB98E = {
			isa = PBXGroup;
			children = (
				8439766B24128AC5002CB98E /* WKWebViewRTF */,
				8439766A24128AC5002CB98E /* Products */,
			);
			sourceTree = "<group>";
		};
		8439766A24128AC5002CB98E /* Products */ = {
			isa = PBXGroup;
			children = (
				8439766924128AC5002CB98E /* WKWebViewRTF.app */,
			);
			name = Products;
			sourceTree = "<group>";
		};
		8439766B24128AC5002CB98E /* WKWebViewRTF */ = {
			isa = PBXGroup;
			children = (
				8439766C24128AC5002CB98E /* AppDelegate.h */,
				8439766D24128AC5002CB98E /* AppDelegate.m */,
				8439766F24128AC5002CB98E /* SceneDelegate.h */,
				8439767024128AC5002CB98E /* SceneDelegate.m */,
				8439767224128AC5002CB98E /* ViewController.h */,
				8439767324128AC5002CB98E /* ViewController.m */,
				8439767524128AC5002CB98E /* Main.storyboard */,
				8439767824128AC7002CB98E /* Assets.xcassets */,
				8439767A24128AC7002CB98E /* LaunchScreen.storyboard */,
				8439767D24128AC7002CB98E /* Info.plist */,
				8439767E24128AC7002CB98E /* main.m */,
			);
			path = WKWebViewRTF;
			sourceTree = "<group>";
		};
/* End PBXGroup section */

/* Begin PBXNativeTarget section */
		8439766824128AC5002CB98E /* WKWebViewRTF */ = {
			isa = PBXNativeTarget;
			buildConfigurationList = 8439768224128AC7002CB98E /* Build configuration list for PBXNativeTarget "WKWebViewRTF" */;
			buildPhases = (
				8439766524128AC5002CB98E /* Sources */,
				8439766624128AC5002CB98E /* Frameworks */,
				8439766724128AC5002CB98E /* Resources */,
			);
			buildRules = (
			);
			dependencies = (
			);
			name = WKWebViewRTF;
			productName = WKWebViewRTF;
			productReference = 8439766924128AC5002CB98E /* WKWebViewRTF.app */;
			productType = "com.apple.product-type.application";
		};
/* End PBXNativeTarget section */

/* Begin PBXProject section */
		8439766124128AC5002CB98E /* Project object */ = {
			isa = PBXProject;
			attributes = {
				LastUpgradeCheck = 1130;
				ORGANIZATIONNAME = "Mikel Elorz";
				TargetAttributes = {
					8439766824128AC5002CB98E = {
						CreatedOnToolsVersion = 11.3;
					};
				};
			};
			buildConfigurationList = 8439766424128AC5002CB98E /* Build configuration list for PBXProject "WKWebViewRTF" */;
			compatibilityVersion = "Xcode 9.3";
			developmentRegion = en;
			hasScannedForEncodings = 0;
			knownRegions = (
				en,
				Base,
			);
			mainGroup = 8439766024128AC5002CB98E;
			productRefGroup = 8439766A24128AC5002CB98E /* Products */;
			projectDirPath = "";
			projectRoot = "";
			targets = (
				8439766824128AC5002CB98E /* WKWebViewRTF */,
			);
		};
/* End PBXProject section */

/* Begin PBXResourcesBuildPhase section */
		8439766724128AC5002CB98E /* Resources */ = {
			isa = PBXResourcesBuildPhase;
			buildActionMask = 2147483647;
			files = (
				8439767C24128AC7002CB98E /* LaunchScreen.storyboard in Resources */,
				8439767924128AC7002CB98E /* Assets.xcassets in Resources */,
				8439767724128AC5002CB98E /* Main.storyboard in Resources */,
			);
			runOnlyForDeploymentPostprocessing = 0;
		};
/* End PBXResourcesBuildPhase section */

/* Begin PBXSourcesBuildPhase section */
		8439766524128AC5002CB98E /* Sources */ = {
			isa = PBXSourcesBuildPhase;
			buildActionMask = 2147483647;
			files = (
				8439767424128AC5002CB98E /* ViewController.m in Sources */,
				8439766E24128AC5002CB98E /* AppDelegate.m in Sources */,
				8439767F24128AC7002CB98E /* main.m in Sources */,
				8439767124128AC5002CB98E /* SceneDelegate.m in Sources */,
			);
			runOnlyForDeploymentPostprocessing = 0;
		};
/* End PBXSourcesBuildPhase section */

/* Begin PBXVariantGroup section */
		8439767524128AC5002CB98E /* Main.storyboard */ = {
			isa = PBXVariantGroup;
			children = (
				8439767624128AC5002CB98E /* Base */,
			);
			name = Main.storyboard;
			sourceTree = "<group>";
		};
		8439767A24128AC7002CB98E /* LaunchScreen.storyboard */ = {
			isa = PBXVariantGroup;
			children = (
				8439767B24128AC7002CB98E /* Base */,
			);
			name = LaunchScreen.storyboard;
			sourceTree = "<group>";
		};
/* End PBXVariantGroup section */

/* Begin XCBuildConfiguration section */
		8439768024128AC7002CB98E /* Debug */ = {
			isa = XCBuildConfiguration;
			buildSettings = {
				ALWAYS_SEARCH_USER_PATHS = NO;
				CLANG_ANALYZER_NONNULL = YES;
				CLANG_ANALYZER_NUMBER_OBJECT_CONVERSION = YES_AGGRESSIVE;
				CLANG_CXX_LANGUAGE_STANDARD = "gnu++14";
				CLANG_CXX_LIBRARY = "libc++";
				CLANG_ENABLE_MODULES = YES;
				CLANG_ENABLE_OBJC_ARC = YES;
				CLANG_ENABLE_OBJC_WEAK = YES;
				CLANG_WARN_BLOCK_CAPTURE_AUTORELEASING = YES;
				CLANG_WARN_BOOL_CONVERSION = YES;
				CLANG_WARN_COMMA = YES;
				CLANG_WARN_CONSTANT_CONVERSION = YES;
				CLANG_WARN_DEPRECATED_OBJC_IMPLEMENTATIONS = YES;
				CLANG_WARN_DIRECT_OBJC_ISA_USAGE = YES_ERROR;
				CLANG_WARN_DOCUMENTATION_COMMENTS = YES;
				CLANG_WARN_EMPTY_BODY = YES;
				CLANG_WARN_ENUM_CONVERSION = YES;
				CLANG_WARN_INFINITE_RECURSION = YES;
				CLANG_WARN_INT_CONVERSION = YES;
				CLANG_WARN_NON_LITERAL_NULL_CONVERSION = YES;
				CLANG_WARN_OBJC_IMPLICIT_RETAIN_SELF = YES;
				CLANG_WARN_OBJC_LITERAL_CONVERSION = YES;
				CLANG_WARN_OBJC_ROOT_CLASS = YES_ERROR;
				CLANG_WARN_RANGE_LOOP_ANALYSIS = YES;
				CLANG_WARN_STRICT_PROTOTYPES = YES;
				CLANG_WARN_SUSPICIOUS_MOVE = YES;
				CLANG_WARN_UNGUARDED_AVAILABILITY = YES_AGGRESSIVE;
				CLANG_WARN_UNREACHABLE_CODE = YES;
				CLANG_WARN__DUPLICATE_METHOD_MATCH = YES;
				COPY_PHASE_STRIP = NO;
				DEBUG_INFORMATION_FORMAT = dwarf;
				ENABLE_STRICT_OBJC_MSGSEND = YES;
				ENABLE_TESTABILITY = YES;
				GCC_C_LANGUAGE_STANDARD = gnu11;
				GCC_DYNAMIC_NO_PIC = NO;
				GCC_NO_COMMON_BLOCKS = YES;
				GCC_OPTIMIZATION_LEVEL = 0;
				GCC_PREPROCESSOR_DEFINITIONS = (
					"DEBUG=1",
					"$(inherited)",
				);
				GCC_WARN_64_TO_32_BIT_CONVERSION = YES;
				GCC_WARN_ABOUT_RETURN_TYPE = YES_ERROR;
				GCC_WARN_UNDECLARED_SELECTOR = YES;
				GCC_WARN_UNINITIALIZED_AUTOS = YES_AGGRESSIVE;
				GCC_WARN_UNUSED_FUNCTION = YES;
				GCC_WARN_UNUSED_VARIABLE = YES;
				IPHONEOS_DEPLOYMENT_TARGET = 13.2;
				MTL_ENABLE_DEBUG_INFO = INCLUDE_SOURCE;
				MTL_FAST_MATH = YES;
				ONLY_ACTIVE_ARCH = YES;
				SDKROOT = iphoneos;
			};
			name = Debug;
		};
		8439768124128AC7002CB98E /* Release */ = {
			isa = XCBuildConfiguration;
			buildSettings = {
				ALWAYS_SEARCH_USER_PATHS = NO;
				CLANG_ANALYZER_NONNULL = YES;
				CLANG_ANALYZER_NUMBER_OBJECT_CONVERSION = YES_AGGRESSIVE;
				CLANG_CXX_LANGUAGE_STANDARD = "gnu++14";
				CLANG_CXX_LIBRARY = "libc++";
				CLANG_ENABLE_MODULES = YES;
				CLANG_ENABLE_OBJC_ARC = YES;
				CLANG_ENABLE_OBJC_WEAK = YES;
				CLANG_WARN_BLOCK_CAPTURE_AUTORELEASING = YES;
				CLANG_WARN_BOOL_CONVERSION = YES;
				CLANG_WARN_COMMA = YES;
				CLANG_WARN_CONSTANT_CONVERSION = YES;
				CLANG_WARN_DEPRECATED_OBJC_IMPLEMENTATIONS = YES;
				CLANG_WARN_DIRECT_OBJC_ISA_USAGE = YES_ERROR;
				CLANG_WARN_DOCUMENTATION_COMMENTS = YES;
				CLANG_WARN_EMPTY_BODY = YES;
				CLANG_WARN_ENUM_CONVERSION = YES;
				CLANG_WARN_INFINITE_RECURSION = YES;
				CLANG_WARN_INT_CONVERSION = YES;
				CLANG_WARN_NON_LITERAL_NULL_CONVERSION = YES;
				CLANG_WARN_OBJC_IMPLICIT_RETAIN_SELF = YES;
				CLANG_WARN_OBJC_LITERAL_CONVERSION = YES;
				CLANG_WARN_OBJC_ROOT_CLASS = YES_ERROR;
				CLANG_WARN_RANGE_LOOP_ANALYSIS = YES;
				CLANG_WARN_STRICT_PROTOTYPES = YES;
				CLANG_WARN_SUSPICIOUS_MOVE = YES;
				CLANG_WARN_UNGUARDED_AVAILABILITY = YES_AGGRESSIVE;
				CLANG_WARN_UNREACHABLE_CODE = YES;
				CLANG_WARN__DUPLICATE_METHOD_MATCH = YES;
				COPY_PHASE_STRIP = NO;
				DEBUG_INFORMATION_FORMAT = "dwarf-with-dsym";
				ENABLE_NS_ASSERTIONS = NO;
				ENABLE_STRICT_OBJC_MSGSEND = YES;
				GCC_C_LANGUAGE_STANDARD = gnu11;
				GCC_NO_COMMON_BLOCKS = YES;
				GCC_WARN_64_TO_32_BIT_CONVERSION = YES;
				GCC_WARN_ABOUT_RETURN_TYPE = YES_ERROR;
				GCC_WARN_UNDECLARED_SELECTOR = YES;
				GCC_WARN_UNINITIALIZED_AUTOS = YES_AGGRESSIVE;
				GCC_WARN_UNUSED_FUNCTION = YES;
				GCC_WARN_UNUSED_VARIABLE = YES;
				IPHONEOS_DEPLOYMENT_TARGET = 13.2;
				MTL_ENABLE_DEBUG_INFO = NO;
				MTL_FAST_MATH = YES;
				SDKROOT = iphoneos;
				VALIDATE_PRODUCT = YES;
			};
			name = Release;
		};
		8439768324128AC7002CB98E /* Debug */ = {
			isa = XCBuildConfiguration;
			buildSettings = {
				ASSETCATALOG_COMPILER_APPICON_NAME = AppIcon;
				CODE_SIGN_STYLE = Automatic;
				DEVELOPMENT_TEAM = LNP59B6MS7;
				INFOPLIST_FILE = WKWebViewRTF/Info.plist;
				LD_RUNPATH_SEARCH_PATHS = (
					"$(inherited)",
					"@executable_path/Frameworks",
				);
				PRODUCT_BUNDLE_IDENTIFIER = VS.WKWebViewRTF;
				PRODUCT_NAME = "$(TARGET_NAME)";
				TARGETED_DEVICE_FAMILY = "1,2";
			};
			name = Debug;
		};
		8439768424128AC7002CB98E /* Release */ = {
			isa = XCBuildConfiguration;
			buildSettings = {
				ASSETCATALOG_COMPILER_APPICON_NAME = AppIcon;
				CODE_SIGN_STYLE = Automatic;
				DEVELOPMENT_TEAM = LNP59B6MS7;
				INFOPLIST_FILE = WKWebViewRTF/Info.plist;
				LD_RUNPATH_SEARCH_PATHS = (
					"$(inherited)",
					"@executable_path/Frameworks",
				);
				PRODUCT_BUNDLE_IDENTIFIER = VS.WKWebViewRTF;
				PRODUCT_NAME = "$(TARGET_NAME)";
				TARGETED_DEVICE_FAMILY = "1,2";
			};
			name = Release;
		};
/* End XCBuildConfiguration section */

/* Begin XCConfigurationList section */
		8439766424128AC5002CB98E /* Build configuration list for PBXProject "WKWebViewRTF" */ = {
			isa = XCConfigurationList;
			buildConfigurations = (
				8439768024128AC7002CB98E /* Debug */,
				8439768124128AC7002CB98E /* Release */,
			);
			defaultConfigurationIsVisible = 0;
			defaultConfigurationName = Release;
		};
		8439768224128AC7002CB98E /* Build configuration list for PBXNativeTarget "WKWebViewRTF" */ = {
			isa = XCConfigurationList;
			buildConfigurations = (
				8439768324128AC7002CB98E /* Debug */,
				8439768424128AC7002CB98E /* Release */,
			);
			defaultConfigurationIsVisible = 0;
			defaultConfigurationName = Release;
		};
/* End XCConfigurationList section */
	};
	rootObject = 8439766124128AC5002CB98E /* Project object */;
}
